
Microsoft Visual Studio Solution File, Format Version 12.00
# Visual Studio Version 17
VisualStudioVersion = 17.5.33627.172
MinimumVisualStudioVersion = 10.0.40219.1
Project("{FAE04EC0-301F-11D3-BF4B-00C04F79EFBC}") = "OrderService", "OrderService\OrderService.csproj", "{165B79D0-C294-4695-8095-F050B56A1466}"
EndProject
Project("{FAE04EC0-301F-11D3-BF4B-00C04F79EFBC}") = "OrderForm", "OrderForm\OrderForm.csproj", "{4E109FB6-DAA9-4AD1-8F7F-C09732B7DE8F}"
EndProject
Global
	GlobalSection(SolutionConfigurationPlatforms) = preSolution
		Debug|Any CPU = Debug|Any CPU
		Release|Any CPU = Release|Any CPU
	EndGlobalSection
	GlobalSection(ProjectConfigurationPlatforms) = postSolution
		{165B79D0-C294-4695-8095-F050B56A1466}.Debug|Any CPU.ActiveCfg = Debug|Any CPU
		{165B79D0-C294-4695-8095-F050B56A1466}.Debug|Any CPU.Build.0 = Debug|Any CPU
		{165B79D0-C294-4695-8095-F050B56A1466}.Release|Any CPU.ActiveCfg = Release|Any CPU
		{165B79D0-C294-4695-8095-F050B56A1466}.Release|Any CPU.Build.0 = Release|Any CPU
		{4E109FB6-DAA9-4AD1-8F7F-C09732B7DE8F}.Debug|Any CPU.ActiveCfg = Debug|Any CPU
		{4E109FB6-DAA9-4AD1-8F7F-C09732B7DE8F}.Debug|Any CPU.Build.0 = Debug|Any CPU
		{4E109FB6-DAA9-4AD1-8F7F-C09732B7DE8F}.Release|Any CPU.ActiveCfg = Release|Any CPU
		{4E109FB6-DAA9-4AD1-8F7F-C09732B7DE8F}.Release|Any CPU.Build.0 = Release|Any CPU
	EndGlobalSection
	GlobalSection(SolutionProperties) = preSolution
		HideSolutionNode = FALSE
	EndGlobalSection
	GlobalSection(ExtensibilityGlobals) = postSolution
		SolutionGuid = {80F80156-4F72-49E5-8524-DF5202B9A697}
	EndGlobalSection
EndGlobal
